// !$*UTF8*$!
{
	archiveVersion = 1;
	classes = {
	};
	objectVersion = 50;
	objects = {

/* Begin PBXBuildFile section */
		3E092DB1212860F000A04A0E /* AppDelegate.swift in Sources */ = {isa = PBXBuildFile; fileRef = 3E092DB0212860F000A04A0E /* AppDelegate.swift */; };
		3E092DB7212860F000A04A0E /* GameScene.swift in Sources */ = {isa = PBXBuildFile; fileRef = 3E092DB6212860F000A04A0E /* GameScene.swift */; };
		3E092DB9212860F000A04A0E /* GameViewController.swift in Sources */ = {isa = PBXBuildFile; fileRef = 3E092DB8212860F000A04A0E /* GameViewController.swift */; };
		3E092DBC212860F000A04A0E /* Main.storyboard in Resources */ = {isa = PBXBuildFile; fileRef = 3E092DBA212860F000A04A0E /* Main.storyboard */; };
		3E092DBE212860F200A04A0E /* Assets.xcassets in Resources */ = {isa = PBXBuildFile; fileRef = 3E092DBD212860F200A04A0E /* Assets.xcassets */; };
		3E092DC1212860F200A04A0E /* LaunchScreen.storyboard in Resources */ = {isa = PBXBuildFile; fileRef = 3E092DBF212860F200A04A0E /* LaunchScreen.storyboard */; };
		3E092DCC212860F200A04A0E /* Conway_s_Game_of_LifeTests.swift in Sources */ = {isa = PBXBuildFile; fileRef = 3E092DCB212860F200A04A0E /* Conway_s_Game_of_LifeTests.swift */; };
		3E092DD721287B3C00A04A0E /* Cell.swift in Sources */ = {isa = PBXBuildFile; fileRef = 3E092DD621287B3C00A04A0E /* Cell.swift */; };
		3E092DD921287B7900A04A0E /* Gradient.swift in Sources */ = {isa = PBXBuildFile; fileRef = 3E092DD821287B7900A04A0E /* Gradient.swift */; };
		3E092DDB21289E4900A04A0E /* GameModel.swift in Sources */ = {isa = PBXBuildFile; fileRef = 3E092DDA21289E4900A04A0E /* GameModel.swift */; };
		3E092DDC2128A68D00A04A0E /* GameModel.swift in Sources */ = {isa = PBXBuildFile; fileRef = 3E092DDA21289E4900A04A0E /* GameModel.swift */; };
		3EEB4D062128B77F00310F45 /* GameModel_Tick_Tests.swift in Sources */ = {isa = PBXBuildFile; fileRef = 3EEB4D052128B77F00310F45 /* GameModel_Tick_Tests.swift */; };
		3EEB4D082129619000310F45 /* ButtonContainer.swift in Sources */ = {isa = PBXBuildFile; fileRef = 3EEB4D072129619000310F45 /* ButtonContainer.swift */; };
		3EEB4D0C2129804B00310F45 /* GameController.swift in Sources */ = {isa = PBXBuildFile; fileRef = 3EEB4D0B2129804B00310F45 /* GameController.swift */; };
		3EEB4D0E2129A33000310F45 /* Toolbar.swift in Sources */ = {isa = PBXBuildFile; fileRef = 3EEB4D0D2129A33000310F45 /* Toolbar.swift */; };
		3EFBC54C2129A374005C4FE8 /* Toolbar.xib in Resources */ = {isa = PBXBuildFile; fileRef = 3EFBC54B2129A374005C4FE8 /* Toolbar.xib */; };
		3EFBC551212D7F81005C4FE8 /* MenuOptions.json in Resources */ = {isa = PBXBuildFile; fileRef = 3EFBC550212D7F81005C4FE8 /* MenuOptions.json */; };
		3EFBC553212D8089005C4FE8 /* MenuOptions.swift in Sources */ = {isa = PBXBuildFile; fileRef = 3EFBC552212D8089005C4FE8 /* MenuOptions.swift */; };
		3EFBC555212D873C005C4FE8 /* OptionsView.swift in Sources */ = {isa = PBXBuildFile; fileRef = 3EFBC554212D873C005C4FE8 /* OptionsView.swift */; };
		3EFBC557212D8744005C4FE8 /* OptionsView.xib in Resources */ = {isa = PBXBuildFile; fileRef = 3EFBC556212D8744005C4FE8 /* OptionsView.xib */; };
		3EFBC55A212E0C36005C4FE8 /* OptionCell.swift in Sources */ = {isa = PBXBuildFile; fileRef = 3EFBC558212E0C36005C4FE8 /* OptionCell.swift */; };
		3EFBC55B212E0C36005C4FE8 /* OptionCell.xib in Resources */ = {isa = PBXBuildFile; fileRef = 3EFBC559212E0C36005C4FE8 /* OptionCell.xib */; };
/* End PBXBuildFile section */

/* Begin PBXContainerItemProxy section */
		3E092DC8212860F200A04A0E /* PBXContainerItemProxy */ = {
			isa = PBXContainerItemProxy;
			containerPortal = 3E092DA5212860F000A04A0E /* Project object */;
			proxyType = 1;
			remoteGlobalIDString = 3E092DAC212860F000A04A0E;
			remoteInfo = "Conway's Game of Life";
		};
/* End PBXContainerItemProxy section */

/* Begin PBXFileReference section */
		3E092DAD212860F000A04A0E /* Conway's Game of Life.app */ = {isa = PBXFileReference; explicitFileType = wrapper.application; includeInIndex = 0; path = "Conway's Game of Life.app"; sourceTree = BUILT_PRODUCTS_DIR; };
		3E092DB0212860F000A04A0E /* AppDelegate.swift */ = {isa = PBXFileReference; lastKnownFileType = sourcecode.swift; path = AppDelegate.swift; sourceTree = "<group>"; };
		3E092DB6212860F000A04A0E /* GameScene.swift */ = {isa = PBXFileReference; lastKnownFileType = sourcecode.swift; path = GameScene.swift; sourceTree = "<group>"; };
		3E092DB8212860F000A04A0E /* GameViewController.swift */ = {isa = PBXFileReference; lastKnownFileType = sourcecode.swift; path = GameViewController.swift; sourceTree = "<group>"; };
		3E092DBB212860F000A04A0E /* Base */ = {isa = PBXFileReference; lastKnownFileType = file.storyboard; name = Base; path = Base.lproj/Main.storyboard; sourceTree = "<group>"; };
		3E092DBD212860F200A04A0E /* Assets.xcassets */ = {isa = PBXFileReference; lastKnownFileType = folder.assetcatalog; path = Assets.xcassets; sourceTree = "<group>"; };
		3E092DC0212860F200A04A0E /* Base */ = {isa = PBXFileReference; lastKnownFileType = file.storyboard; name = Base; path = Base.lproj/LaunchScreen.storyboard; sourceTree = "<group>"; };
		3E092DC2212860F200A04A0E /* Info.plist */ = {isa = PBXFileReference; lastKnownFileType = text.plist.xml; path = Info.plist; sourceTree = "<group>"; };
		3E092DC7212860F200A04A0E /* Conway's Game of LifeTests.xctest */ = {isa = PBXFileReference; explicitFileType = wrapper.cfbundle; includeInIndex = 0; path = "Conway's Game of LifeTests.xctest"; sourceTree = BUILT_PRODUCTS_DIR; };
		3E092DCB212860F200A04A0E /* Conway_s_Game_of_LifeTests.swift */ = {isa = PBXFileReference; lastKnownFileType = sourcecode.swift; path = Conway_s_Game_of_LifeTests.swift; sourceTree = "<group>"; };
		3E092DCD212860F200A04A0E /* Info.plist */ = {isa = PBXFileReference; lastKnownFileType = text.plist.xml; path = Info.plist; sourceTree = "<group>"; };
		3E092DD621287B3C00A04A0E /* Cell.swift */ = {isa = PBXFileReference; lastKnownFileType = sourcecode.swift; path = Cell.swift; sourceTree = "<group>"; };
		3E092DD821287B7900A04A0E /* Gradient.swift */ = {isa = PBXFileReference; lastKnownFileType = sourcecode.swift; path = Gradient.swift; sourceTree = "<group>"; };
		3E092DDA21289E4900A04A0E /* GameModel.swift */ = {isa = PBXFileReference; lastKnownFileType = sourcecode.swift; path = GameModel.swift; sourceTree = "<group>"; };
		3EEB4D052128B77F00310F45 /* GameModel_Tick_Tests.swift */ = {isa = PBXFileReference; lastKnownFileType = sourcecode.swift; path = GameModel_Tick_Tests.swift; sourceTree = "<group>"; };
		3EEB4D072129619000310F45 /* ButtonContainer.swift */ = {isa = PBXFileReference; lastKnownFileType = sourcecode.swift; path = ButtonContainer.swift; sourceTree = "<group>"; };
		3EEB4D0B2129804B00310F45 /* GameController.swift */ = {isa = PBXFileReference; lastKnownFileType = sourcecode.swift; path = GameController.swift; sourceTree = "<group>"; };
		3EEB4D0D2129A33000310F45 /* Toolbar.swift */ = {isa = PBXFileReference; lastKnownFileType = sourcecode.swift; path = Toolbar.swift; sourceTree = "<group>"; };
		3EFBC54B2129A374005C4FE8 /* Toolbar.xib */ = {isa = PBXFileReference; lastKnownFileType = file.xib; path = Toolbar.xib; sourceTree = "<group>"; };
		3EFBC550212D7F81005C4FE8 /* MenuOptions.json */ = {isa = PBXFileReference; lastKnownFileType = text.json; path = MenuOptions.json; sourceTree = "<group>"; };
		3EFBC552212D8089005C4FE8 /* MenuOptions.swift */ = {isa = PBXFileReference; lastKnownFileType = sourcecode.swift; path = MenuOptions.swift; sourceTree = "<group>"; };
		3EFBC554212D873C005C4FE8 /* OptionsView.swift */ = {isa = PBXFileReference; lastKnownFileType = sourcecode.swift; path = OptionsView.swift; sourceTree = "<group>"; };
		3EFBC556212D8744005C4FE8 /* OptionsView.xib */ = {isa = PBXFileReference; lastKnownFileType = file.xib; path = OptionsView.xib; sourceTree = "<group>"; };
		3EFBC558212E0C36005C4FE8 /* OptionCell.swift */ = {isa = PBXFileReference; lastKnownFileType = sourcecode.swift; path = OptionCell.swift; sourceTree = "<group>"; };
		3EFBC559212E0C36005C4FE8 /* OptionCell.xib */ = {isa = PBXFileReference; lastKnownFileType = file.xib; path = OptionCell.xib; sourceTree = "<group>"; };
/* End PBXFileReference section */

/* Begin PBXFrameworksBuildPhase section */
		3E092DAA212860F000A04A0E /* Frameworks */ = {
			isa = PBXFrameworksBuildPhase;
			buildActionMask = 2147483647;
			files = (
			);
			runOnlyForDeploymentPostprocessing = 0;
		};
		3E092DC4212860F200A04A0E /* Frameworks */ = {
			isa = PBXFrameworksBuildPhase;
			buildActionMask = 2147483647;
			files = (
			);
			runOnlyForDeploymentPostprocessing = 0;
		};
/* End PBXFrameworksBuildPhase section */

/* Begin PBXGroup section */
		3E092DA4212860F000A04A0E = {
			isa = PBXGroup;
			children = (
				3E092DAF212860F000A04A0E /* GameOfLife */,
				3E092DCA212860F200A04A0E /* Conway's Game of LifeTests */,
				3E092DAE212860F000A04A0E /* Products */,
			);
			sourceTree = "<group>";
		};
		3E092DAE212860F000A04A0E /* Products */ = {
			isa = PBXGroup;
			children = (
				3E092DAD212860F000A04A0E /* Conway's Game of Life.app */,
				3E092DC7212860F200A04A0E /* Conway's Game of LifeTests.xctest */,
			);
			name = Products;
			sourceTree = "<group>";
		};
		3E092DAF212860F000A04A0E /* GameOfLife */ = {
			isa = PBXGroup;
			children = (
				3E092DB0212860F000A04A0E /* AppDelegate.swift */,
				3E092DB6212860F000A04A0E /* GameScene.swift */,
				3EEB4D0B2129804B00310F45 /* GameController.swift */,
				3E092DD621287B3C00A04A0E /* Cell.swift */,
				3E092DDA21289E4900A04A0E /* GameModel.swift */,
				3E092DD821287B7900A04A0E /* Gradient.swift */,
				3E092DB8212860F000A04A0E /* GameViewController.swift */,
				3EEB4D072129619000310F45 /* ButtonContainer.swift */,
				3EFBC552212D8089005C4FE8 /* MenuOptions.swift */,
				3EFBC554212D873C005C4FE8 /* OptionsView.swift */,
				3EFBC556212D8744005C4FE8 /* OptionsView.xib */,
				3EFBC558212E0C36005C4FE8 /* OptionCell.swift */,
				3EFBC559212E0C36005C4FE8 /* OptionCell.xib */,
				3EEB4D0D2129A33000310F45 /* Toolbar.swift */,
				3EFBC54B2129A374005C4FE8 /* Toolbar.xib */,
				3E092DBA212860F000A04A0E /* Main.storyboard */,
				3EFBC550212D7F81005C4FE8 /* MenuOptions.json */,
				3E092DBD212860F200A04A0E /* Assets.xcassets */,
				3E092DBF212860F200A04A0E /* LaunchScreen.storyboard */,
				3E092DC2212860F200A04A0E /* Info.plist */,
			);
			path = GameOfLife;
			sourceTree = "<group>";
		};
		3E092DCA212860F200A04A0E /* Conway's Game of LifeTests */ = {
			isa = PBXGroup;
			children = (
				3E092DCB212860F200A04A0E /* Conway_s_Game_of_LifeTests.swift */,
				3EEB4D052128B77F00310F45 /* GameModel_Tick_Tests.swift */,
				3E092DCD212860F200A04A0E /* Info.plist */,
			);
			path = "Conway's Game of LifeTests";
			sourceTree = "<group>";
		};
/* End PBXGroup section */

/* Begin PBXNativeTarget section */
		3E092DAC212860F000A04A0E /* Conway's Game of Life */ = {
			isa = PBXNativeTarget;
			buildConfigurationList = 3E092DD0212860F200A04A0E /* Build configuration list for PBXNativeTarget "Conway's Game of Life" */;
			buildPhases = (
				3E092DA9212860F000A04A0E /* Sources */,
				3E092DAA212860F000A04A0E /* Frameworks */,
				3E092DAB212860F000A04A0E /* Resources */,
			);
			buildRules = (
			);
			dependencies = (
			);
			name = "Conway's Game of Life";
			productName = "Conway's Game of Life";
			productReference = 3E092DAD212860F000A04A0E /* Conway's Game of Life.app */;
			productType = "com.apple.product-type.application";
		};
		3E092DC6212860F200A04A0E /* Conway's Game of LifeTests */ = {
			isa = PBXNativeTarget;
			buildConfigurationList = 3E092DD3212860F200A04A0E /* Build configuration list for PBXNativeTarget "Conway's Game of LifeTests" */;
			buildPhases = (
				3E092DC3212860F200A04A0E /* Sources */,
				3E092DC4212860F200A04A0E /* Frameworks */,
				3E092DC5212860F200A04A0E /* Resources */,
			);
			buildRules = (
			);
			dependencies = (
				3E092DC9212860F200A04A0E /* PBXTargetDependency */,
			);
			name = "Conway's Game of LifeTests";
			productName = "Conway's Game of LifeTests";
			productReference = 3E092DC7212860F200A04A0E /* Conway's Game of LifeTests.xctest */;
			productType = "com.apple.product-type.bundle.unit-test";
		};
/* End PBXNativeTarget section */

/* Begin PBXProject section */
		3E092DA5212860F000A04A0E /* Project object */ = {
			isa = PBXProject;
			attributes = {
				LastSwiftUpdateCheck = 1000;
				LastUpgradeCheck = 1000;
				ORGANIZATIONNAME = LivePerson;
				TargetAttributes = {
					3E092DAC212860F000A04A0E = {
						CreatedOnToolsVersion = 10.0;
					};
					3E092DC6212860F200A04A0E = {
						CreatedOnToolsVersion = 10.0;
						TestTargetID = 3E092DAC212860F000A04A0E;
					};
				};
			};
			buildConfigurationList = 3E092DA8212860F000A04A0E /* Build configuration list for PBXProject "GameOfLife" */;
			compatibilityVersion = "Xcode 9.3";
			developmentRegion = en;
			hasScannedForEncodings = 0;
			knownRegions = (
				en,
				Base,
			);
			mainGroup = 3E092DA4212860F000A04A0E;
			productRefGroup = 3E092DAE212860F000A04A0E /* Products */;
			projectDirPath = "";
			projectRoot = "";
			targets = (
				3E092DAC212860F000A04A0E /* Conway's Game of Life */,
				3E092DC6212860F200A04A0E /* Conway's Game of LifeTests */,
			);
		};
/* End PBXProject section */

/* Begin PBXResourcesBuildPhase section */
		3E092DAB212860F000A04A0E /* Resources */ = {
			isa = PBXResourcesBuildPhase;
			buildActionMask = 2147483647;
			files = (
				3E092DBC212860F000A04A0E /* Main.storyboard in Resources */,
				3EFBC55B212E0C36005C4FE8 /* OptionCell.xib in Resources */,
				3E092DBE212860F200A04A0E /* Assets.xcassets in Resources */,
				3E092DC1212860F200A04A0E /* LaunchScreen.storyboard in Resources */,
				3EFBC54C2129A374005C4FE8 /* Toolbar.xib in Resources */,
				3EFBC551212D7F81005C4FE8 /* MenuOptions.json in Resources */,
				3EFBC557212D8744005C4FE8 /* OptionsView.xib in Resources */,
			);
			runOnlyForDeploymentPostprocessing = 0;
		};
		3E092DC5212860F200A04A0E /* Resources */ = {
			isa = PBXResourcesBuildPhase;
			buildActionMask = 2147483647;
			files = (
			);
			runOnlyForDeploymentPostprocessing = 0;
		};
/* End PBXResourcesBuildPhase section */

/* Begin PBXSourcesBuildPhase section */
		3E092DA9212860F000A04A0E /* Sources */ = {
			isa = PBXSourcesBuildPhase;
			buildActionMask = 2147483647;
			files = (
				3E092DD921287B7900A04A0E /* Gradient.swift in Sources */,
				3E092DB7212860F000A04A0E /* GameScene.swift in Sources */,
				3EEB4D082129619000310F45 /* ButtonContainer.swift in Sources */,
				3EEB4D0C2129804B00310F45 /* GameController.swift in Sources */,
				3E092DD721287B3C00A04A0E /* Cell.swift in Sources */,
				3E092DB9212860F000A04A0E /* GameViewController.swift in Sources */,
				3EEB4D0E2129A33000310F45 /* Toolbar.swift in Sources */,
				3EFBC553212D8089005C4FE8 /* MenuOptions.swift in Sources */,
				3EFBC55A212E0C36005C4FE8 /* OptionCell.swift in Sources */,
				3EFBC555212D873C005C4FE8 /* OptionsView.swift in Sources */,
				3E092DB1212860F000A04A0E /* AppDelegate.swift in Sources */,
				3E092DDB21289E4900A04A0E /* GameModel.swift in Sources */,
			);
			runOnlyForDeploymentPostprocessing = 0;
		};
		3E092DC3212860F200A04A0E /* Sources */ = {
			isa = PBXSourcesBuildPhase;
			buildActionMask = 2147483647;
			files = (
				3E092DCC212860F200A04A0E /* Conway_s_Game_of_LifeTests.swift in Sources */,
				3E092DDC2128A68D00A04A0E /* GameModel.swift in Sources */,
				3EEB4D062128B77F00310F45 /* GameModel_Tick_Tests.swift in Sources */,
			);
			runOnlyForDeploymentPostprocessing = 0;
		};
/* End PBXSourcesBuildPhase section */

/* Begin PBXTargetDependency section */
		3E092DC9212860F200A04A0E /* PBXTargetDependency */ = {
			isa = PBXTargetDependency;
			target = 3E092DAC212860F000A04A0E /* Conway's Game of Life */;
			targetProxy = 3E092DC8212860F200A04A0E /* PBXContainerItemProxy */;
		};
/* End PBXTargetDependency section */

/* Begin PBXVariantGroup section */
		3E092DBA212860F000A04A0E /* Main.storyboard */ = {
			isa = PBXVariantGroup;
			children = (
				3E092DBB212860F000A04A0E /* Base */,
			);
			name = Main.storyboard;
			sourceTree = "<group>";
		};
		3E092DBF212860F200A04A0E /* LaunchScreen.storyboard */ = {
			isa = PBXVariantGroup;
			children = (
				3E092DC0212860F200A04A0E /* Base */,
			);
			name = LaunchScreen.storyboard;
			sourceTree = "<group>";
		};
/* End PBXVariantGroup section */

/* Begin XCBuildConfiguration section */
		3E092DCE212860F200A04A0E /* Debug */ = {
			isa = XCBuildConfiguration;
			buildSettings = {
				ALWAYS_SEARCH_USER_PATHS = NO;
				CLANG_ANALYZER_NONNULL = YES;
				CLANG_ANALYZER_NUMBER_OBJECT_CONVERSION = YES_AGGRESSIVE;
				CLANG_CXX_LANGUAGE_STANDARD = "gnu++14";
				CLANG_CXX_LIBRARY = "libc++";
				CLANG_ENABLE_MODULES = YES;
				CLANG_ENABLE_OBJC_ARC = YES;
				CLANG_ENABLE_OBJC_WEAK = YES;
				CLANG_WARN_BLOCK_CAPTURE_AUTORELEASING = YES;
				CLANG_WARN_BOOL_CONVERSION = YES;
				CLANG_WARN_COMMA = YES;
				CLANG_WARN_CONSTANT_CONVERSION = YES;
				CLANG_WARN_DEPRECATED_OBJC_IMPLEMENTATIONS = YES;
				CLANG_WARN_DIRECT_OBJC_ISA_USAGE = YES_ERROR;
				CLANG_WARN_DOCUMENTATION_COMMENTS = YES;
				CLANG_WARN_EMPTY_BODY = YES;
				CLANG_WARN_ENUM_CONVERSION = YES;
				CLANG_WARN_INFINITE_RECURSION = YES;
				CLANG_WARN_INT_CONVERSION = YES;
				CLANG_WARN_NON_LITERAL_NULL_CONVERSION = YES;
				CLANG_WARN_OBJC_IMPLICIT_RETAIN_SELF = YES;
				CLANG_WARN_OBJC_LITERAL_CONVERSION = YES;
				CLANG_WARN_OBJC_ROOT_CLASS = YES_ERROR;
				CLANG_WARN_RANGE_LOOP_ANALYSIS = YES;
				CLANG_WARN_STRICT_PROTOTYPES = YES;
				CLANG_WARN_SUSPICIOUS_MOVE = YES;
				CLANG_WARN_UNGUARDED_AVAILABILITY = YES_AGGRESSIVE;
				CLANG_WARN_UNREACHABLE_CODE = YES;
				CLANG_WARN__DUPLICATE_METHOD_MATCH = YES;
				CODE_SIGN_IDENTITY = "iPhone Developer";
				COPY_PHASE_STRIP = NO;
				DEBUG_INFORMATION_FORMAT = dwarf;
				ENABLE_STRICT_OBJC_MSGSEND = YES;
				ENABLE_TESTABILITY = YES;
				GCC_C_LANGUAGE_STANDARD = gnu11;
				GCC_DYNAMIC_NO_PIC = NO;
				GCC_NO_COMMON_BLOCKS = YES;
				GCC_OPTIMIZATION_LEVEL = 0;
				GCC_PREPROCESSOR_DEFINITIONS = (
					"DEBUG=1",
					"$(inherited)",
				);
				GCC_WARN_64_TO_32_BIT_CONVERSION = YES;
				GCC_WARN_ABOUT_RETURN_TYPE = YES_ERROR;
				GCC_WARN_UNDECLARED_SELECTOR = YES;
				GCC_WARN_UNINITIALIZED_AUTOS = YES_AGGRESSIVE;
				GCC_WARN_UNUSED_FUNCTION = YES;
				GCC_WARN_UNUSED_VARIABLE = YES;
				IPHONEOS_DEPLOYMENT_TARGET = 12.0;
				MTL_ENABLE_DEBUG_INFO = INCLUDE_SOURCE;
				MTL_FAST_MATH = YES;
				ONLY_ACTIVE_ARCH = YES;
				SDKROOT = iphoneos;
				SWIFT_ACTIVE_COMPILATION_CONDITIONS = DEBUG;
				SWIFT_OPTIMIZATION_LEVEL = "-Onone";
			};
			name = Debug;
		};
		3E092DCF212860F200A04A0E /* Release */ = {
			isa = XCBuildConfiguration;
			buildSettings = {
				ALWAYS_SEARCH_USER_PATHS = NO;
				CLANG_ANALYZER_NONNULL = YES;
				CLANG_ANALYZER_NUMBER_OBJECT_CONVERSION = YES_AGGRESSIVE;
				CLANG_CXX_LANGUAGE_STANDARD = "gnu++14";
				CLANG_CXX_LIBRARY = "libc++";
				CLANG_ENABLE_MODULES = YES;
				CLANG_ENABLE_OBJC_ARC = YES;
				CLANG_ENABLE_OBJC_WEAK = YES;
				CLANG_WARN_BLOCK_CAPTURE_AUTORELEASING = YES;
				CLANG_WARN_BOOL_CONVERSION = YES;
				CLANG_WARN_COMMA = YES;
				CLANG_WARN_CONSTANT_CONVERSION = YES;
				CLANG_WARN_DEPRECATED_OBJC_IMPLEMENTATIONS = YES;
				CLANG_WARN_DIRECT_OBJC_ISA_USAGE = YES_ERROR;
				CLANG_WARN_DOCUMENTATION_COMMENTS = YES;
				CLANG_WARN_EMPTY_BODY = YES;
				CLANG_WARN_ENUM_CONVERSION = YES;
				CLANG_WARN_INFINITE_RECURSION = YES;
				CLANG_WARN_INT_CONVERSION = YES;
				CLANG_WARN_NON_LITERAL_NULL_CONVERSION = YES;
				CLANG_WARN_OBJC_IMPLICIT_RETAIN_SELF = YES;
				CLANG_WARN_OBJC_LITERAL_CONVERSION = YES;
				CLANG_WARN_OBJC_ROOT_CLASS = YES_ERROR;
				CLANG_WARN_RANGE_LOOP_ANALYSIS = YES;
				CLANG_WARN_STRICT_PROTOTYPES = YES;
				CLANG_WARN_SUSPICIOUS_MOVE = YES;
				CLANG_WARN_UNGUARDED_AVAILABILITY = YES_AGGRESSIVE;
				CLANG_WARN_UNREACHABLE_CODE = YES;
				CLANG_WARN__DUPLICATE_METHOD_MATCH = YES;
				CODE_SIGN_IDENTITY = "iPhone Developer";
				COPY_PHASE_STRIP = NO;
				DEBUG_INFORMATION_FORMAT = "dwarf-with-dsym";
				ENABLE_NS_ASSERTIONS = NO;
				ENABLE_STRICT_OBJC_MSGSEND = YES;
				GCC_C_LANGUAGE_STANDARD = gnu11;
				GCC_NO_COMMON_BLOCKS = YES;
				GCC_WARN_64_TO_32_BIT_CONVERSION = YES;
				GCC_WARN_ABOUT_RETURN_TYPE = YES_ERROR;
				GCC_WARN_UNDECLARED_SELECTOR = YES;
				GCC_WARN_UNINITIALIZED_AUTOS = YES_AGGRESSIVE;
				GCC_WARN_UNUSED_FUNCTION = YES;
				GCC_WARN_UNUSED_VARIABLE = YES;
				IPHONEOS_DEPLOYMENT_TARGET = 12.0;
				MTL_ENABLE_DEBUG_INFO = NO;
				MTL_FAST_MATH = YES;
				SDKROOT = iphoneos;
				SWIFT_COMPILATION_MODE = wholemodule;
				SWIFT_OPTIMIZATION_LEVEL = "-O";
				VALIDATE_PRODUCT = YES;
			};
			name = Release;
		};
		3E092DD1212860F200A04A0E /* Debug */ = {
			isa = XCBuildConfiguration;
			buildSettings = {
				ASSETCATALOG_COMPILER_APPICON_NAME = AppIcon;
				CODE_SIGN_STYLE = Automatic;
				DEVELOPMENT_TEAM = EV37RCF267;
				INFOPLIST_FILE = "$(SRCROOT)/GameOfLife/Info.plist";
				IPHONEOS_DEPLOYMENT_TARGET = 11.0;
				LD_RUNPATH_SEARCH_PATHS = (
					"$(inherited)",
					"@executable_path/Frameworks",
				);
				PRODUCT_BUNDLE_IDENTIFIER = com.glenagon.gameoflife;
				PRODUCT_NAME = "$(TARGET_NAME)";
				SWIFT_VERSION = 4.2;
				TARGETED_DEVICE_FAMILY = "1,2";
			};
			name = Debug;
		};
		3E092DD2212860F200A04A0E /* Release */ = {
			isa = XCBuildConfiguration;
			buildSettings = {
				ASSETCATALOG_COMPILER_APPICON_NAME = AppIcon;
				CODE_SIGN_STYLE = Automatic;
				DEVELOPMENT_TEAM = EV37RCF267;
				INFOPLIST_FILE = "$(SRCROOT)/GameOfLife/Info.plist";
				IPHONEOS_DEPLOYMENT_TARGET = 11.0;
				LD_RUNPATH_SEARCH_PATHS = (
					"$(inherited)",
					"@executable_path/Frameworks",
				);
				PRODUCT_BUNDLE_IDENTIFIER = com.glenagon.gameoflife;
				PRODUCT_NAME = "$(TARGET_NAME)";
				SWIFT_VERSION = 4.2;
				TARGETED_DEVICE_FAMILY = "1,2";
			};
			name = Release;
		};
		3E092DD4212860F200A04A0E /* Debug */ = {
			isa = XCBuildConfiguration;
			buildSettings = {
				ALWAYS_EMBED_SWIFT_STANDARD_LIBRARIES = YES;
				BUNDLE_LOADER = "$(TEST_HOST)";
				CODE_SIGN_STYLE = Automatic;
				DEVELOPMENT_TEAM = EV37RCF267;
				INFOPLIST_FILE = "Conway's Game of LifeTests/Info.plist";
				LD_RUNPATH_SEARCH_PATHS = (
					"$(inherited)",
					"@executable_path/Frameworks",
					"@loader_path/Frameworks",
				);
				PRODUCT_BUNDLE_IDENTIFIER = "com.liveperson.Conway-s-Game-of-LifeTests";
				PRODUCT_NAME = "$(TARGET_NAME)";
				SWIFT_VERSION = 4.2;
				TARGETED_DEVICE_FAMILY = "1,2";
				TEST_HOST = "$(BUILT_PRODUCTS_DIR)/Conway's Game of Life.app/Conway's Game of Life";
			};
			name = Debug;
		};
		3E092DD5212860F200A04A0E /* Release */ = {
			isa = XCBuildConfiguration;
			buildSettings = {
				ALWAYS_EMBED_SWIFT_STANDARD_LIBRARIES = YES;
				BUNDLE_LOADER = "$(TEST_HOST)";
				CODE_SIGN_STYLE = Automatic;
				DEVELOPMENT_TEAM = EV37RCF267;
				INFOPLIST_FILE = "Conway's Game of LifeTests/Info.plist";
				LD_RUNPATH_SEARCH_PATHS = (
					"$(inherited)",
					"@executable_path/Frameworks",
					"@loader_path/Frameworks",
				);
				PRODUCT_BUNDLE_IDENTIFIER = "com.liveperson.Conway-s-Game-of-LifeTests";
				PRODUCT_NAME = "$(TARGET_NAME)";
				SWIFT_VERSION = 4.2;
				TARGETED_DEVICE_FAMILY = "1,2";
				TEST_HOST = "$(BUILT_PRODUCTS_DIR)/Conway's Game of Life.app/Conway's Game of Life";
			};
			name = Release;
		};
/* End XCBuildConfiguration section */

/* Begin XCConfigurationList section */
		3E092DA8212860F000A04A0E /* Build configuration list for PBXProject "GameOfLife" */ = {
			isa = XCConfigurationList;
			buildConfigurations = (
				3E092DCE212860F200A04A0E /* Debug */,
				3E092DCF212860F200A04A0E /* Release */,
			);
			defaultConfigurationIsVisible = 0;
			defaultConfigurationName = Release;
		};
		3E092DD0212860F200A04A0E /* Build configuration list for PBXNativeTarget "Conway's Game of Life" */ = {
			isa = XCConfigurationList;
			buildConfigurations = (
				3E092DD1212860F200A04A0E /* Debug */,
				3E092DD2212860F200A04A0E /* Release */,
			);
			defaultConfigurationIsVisible = 0;
			defaultConfigurationName = Release;
		};
		3E092DD3212860F200A04A0E /* Build configuration list for PBXNativeTarget "Conway's Game of LifeTests" */ = {
			isa = XCConfigurationList;
			buildConfigurations = (
				3E092DD4212860F200A04A0E /* Debug */,
				3E092DD5212860F200A04A0E /* Release */,
			);
			defaultConfigurationIsVisible = 0;
			defaultConfigurationName = Release;
		};
/* End XCConfigurationList section */
	};
	rootObject = 3E092DA5212860F000A04A0E /* Project object */;
}
